
Microsoft Visual Studio Solution File, Format Version 12.00
# Visual Studio Version 16
VisualStudioVersion = 16.0.30711.63
MinimumVisualStudioVersion = 10.0.40219.1
Project("{FAE04EC0-301F-11D3-BF4B-00C04F79EFBC}") = "Simulation_MVC", "Simulation_MVC.csproj", "{D70513F3-483E-464A-BDDF-7427B709903B}"
EndProject
Global
	GlobalSection(SolutionConfigurationPlatforms) = preSolution
		Debug|Any CPU = Debug|Any CPU
		Release|Any CPU = Release|Any CPU
	EndGlobalSection
	GlobalSection(ProjectConfigurationPlatforms) = postSolution
		{D70513F3-483E-464A-BDDF-7427B709903B}.Debug|Any CPU.ActiveCfg = Debug|Any CPU
		{D70513F3-483E-464A-BDDF-7427B709903B}.Debug|Any CPU.Build.0 = Debug|Any CPU
		{D70513F3-483E-464A-BDDF-7427B709903B}.Release|Any CPU.ActiveCfg = Release|Any CPU
		{D70513F3-483E-464A-BDDF-7427B709903B}.Release|Any CPU.Build.0 = Release|Any CPU
	EndGlobalSection
	GlobalSection(SolutionProperties) = preSolution
		HideSolutionNode = FALSE
	EndGlobalSection
	GlobalSection(ExtensibilityGlobals) = postSolution
		SolutionGuid = {EE42FA38-0685-4E13-A81E-66D0116A94C0}
	EndGlobalSection
EndGlobal
